
Microsoft Visual Studio Solution File, Format Version 12.00
# Visual Studio Version 17
VisualStudioVersion = 17.6.33815.320
MinimumVisualStudioVersion = 10.0.40219.1
Project("{FAE04EC0-301F-11D3-BF4B-00C04F79EFBC}") = "CodeBaseFirstApproach", "CodeBaseFirstApproach\CodeBaseFirstApproach.csproj", "{47219791-23D0-4F63-BA41-996CF3CDE02B}"
EndProject
Project("{FAE04EC0-301F-11D3-BF4B-00C04F79EFBC}") = "CodeBaseFirstApproach.Model", "CodeBaseFirstApproach.Model\CodeBaseFirstApproach.Model.csproj", "{50245074-89A6-47B4-8DC4-7100598CDEE3}"
EndProject
Project("{FAE04EC0-301F-11D3-BF4B-00C04F79EFBC}") = "CodeBaseFirstApproach.Repo", "CodeBaseFirstApproach.Repo\CodeBaseFirstApproach.Repo.csproj", "{92612349-69F8-4243-B796-03E9DC206B8B}"
EndProject
Global
	GlobalSection(SolutionConfigurationPlatforms) = preSolution
		Debug|Any CPU = Debug|Any CPU
		Release|Any CPU = Release|Any CPU
	EndGlobalSection
	GlobalSection(ProjectConfigurationPlatforms) = postSolution
		{47219791-23D0-4F63-BA41-996CF3CDE02B}.Debug|Any CPU.ActiveCfg = Debug|Any CPU
		{47219791-23D0-4F63-BA41-996CF3CDE02B}.Debug|Any CPU.Build.0 = Debug|Any CPU
		{47219791-23D0-4F63-BA41-996CF3CDE02B}.Release|Any CPU.ActiveCfg = Release|Any CPU
		{47219791-23D0-4F63-BA41-996CF3CDE02B}.Release|Any CPU.Build.0 = Release|Any CPU
		{50245074-89A6-47B4-8DC4-7100598CDEE3}.Debug|Any CPU.ActiveCfg = Debug|Any CPU
		{50245074-89A6-47B4-8DC4-7100598CDEE3}.Debug|Any CPU.Build.0 = Debug|Any CPU
		{50245074-89A6-47B4-8DC4-7100598CDEE3}.Release|Any CPU.ActiveCfg = Release|Any CPU
		{50245074-89A6-47B4-8DC4-7100598CDEE3}.Release|Any CPU.Build.0 = Release|Any CPU
		{92612349-69F8-4243-B796-03E9DC206B8B}.Debug|Any CPU.ActiveCfg = Debug|Any CPU
		{92612349-69F8-4243-B796-03E9DC206B8B}.Debug|Any CPU.Build.0 = Debug|Any CPU
		{92612349-69F8-4243-B796-03E9DC206B8B}.Release|Any CPU.ActiveCfg = Release|Any CPU
		{92612349-69F8-4243-B796-03E9DC206B8B}.Release|Any CPU.Build.0 = Release|Any CPU
	EndGlobalSection
	GlobalSection(SolutionProperties) = preSolution
		HideSolutionNode = FALSE
	EndGlobalSection
	GlobalSection(ExtensibilityGlobals) = postSolution
		SolutionGuid = {2BEB362D-4F7E-4669-9929-441822EAB81C}
	EndGlobalSection
EndGlobal
